
Microsoft Visual Studio Solution File, Format Version 12.00
# Visual Studio Version 17
VisualStudioVersion = 17.14.36212.18 d17.14
MinimumVisualStudioVersion = 10.0.40219.1
Project("{FAE04EC0-301F-11D3-BF4B-00C04F79EFBC}") = "virusdetect", "virusdetect.csproj", "{25146F29-580F-47C9-AD1F-716494D31144}"
EndProject
Global
	GlobalSection(SolutionConfigurationPlatforms) = preSolution
		Debug|Any CPU = Debug|Any CPU
		Release|Any CPU = Release|Any CPU
	EndGlobalSection
	GlobalSection(ProjectConfigurationPlatforms) = postSolution
		{25146F29-580F-47C9-AD1F-716494D31144}.Debug|Any CPU.ActiveCfg = Debug|Any CPU
		{25146F29-580F-47C9-AD1F-716494D31144}.Debug|Any CPU.Build.0 = Debug|Any CPU
		{25146F29-580F-47C9-AD1F-716494D31144}.Release|Any CPU.ActiveCfg = Release|Any CPU
		{25146F29-580F-47C9-AD1F-716494D31144}.Release|Any CPU.Build.0 = Release|Any CPU
	EndGlobalSection
	GlobalSection(SolutionProperties) = preSolution
		HideSolutionNode = FALSE
	EndGlobalSection
	GlobalSection(ExtensibilityGlobals) = postSolution
		SolutionGuid = {700E5DC3-CB61-4904-B5DC-51BB596B26EA}
	EndGlobalSection
EndGlobal
